
Microsoft Visual Studio Solution File, Format Version 12.00
# Visual Studio Version 17
VisualStudioVersion = 17.12.35707.178 d17.12
MinimumVisualStudioVersion = 10.0.40219.1
Project("{FAE04EC0-301F-11D3-BF4B-00C04F79EFBC}") = "CD.Server", "CD.Server\CD.Server.csproj", "{D9B7F7B3-24C1-4915-A016-357E15D17AD2}"
EndProject
Project("{54A90642-561A-4BB1-A94E-469ADEE60C69}") = "cd.client", "cd.client\cd.client.esproj", "{6E906743-D0CC-4168-95CA-008315622EBC}"
EndProject
Global
	GlobalSection(SolutionConfigurationPlatforms) = preSolution
		Debug|Any CPU = Debug|Any CPU
		Release|Any CPU = Release|Any CPU
	EndGlobalSection
	GlobalSection(ProjectConfigurationPlatforms) = postSolution
		{D9B7F7B3-24C1-4915-A016-357E15D17AD2}.Debug|Any CPU.ActiveCfg = Debug|Any CPU
		{D9B7F7B3-24C1-4915-A016-357E15D17AD2}.Debug|Any CPU.Build.0 = Debug|Any CPU
		{D9B7F7B3-24C1-4915-A016-357E15D17AD2}.Release|Any CPU.ActiveCfg = Release|Any CPU
		{D9B7F7B3-24C1-4915-A016-357E15D17AD2}.Release|Any CPU.Build.0 = Release|Any CPU
		{6E906743-D0CC-4168-95CA-008315622EBC}.Debug|Any CPU.ActiveCfg = Debug|Any CPU
		{6E906743-D0CC-4168-95CA-008315622EBC}.Debug|Any CPU.Build.0 = Debug|Any CPU
		{6E906743-D0CC-4168-95CA-008315622EBC}.Debug|Any CPU.Deploy.0 = Debug|Any CPU
		{6E906743-D0CC-4168-95CA-008315622EBC}.Release|Any CPU.ActiveCfg = Release|Any CPU
		{6E906743-D0CC-4168-95CA-008315622EBC}.Release|Any CPU.Build.0 = Release|Any CPU
		{6E906743-D0CC-4168-95CA-008315622EBC}.Release|Any CPU.Deploy.0 = Release|Any CPU
	EndGlobalSection
	GlobalSection(SolutionProperties) = preSolution
		HideSolutionNode = FALSE
	EndGlobalSection
EndGlobal
